{
  "name": "http",
  "version": "1.0.1",
  "lockfileVersion": 1,
  "requires": true,
  "dependencies": {
    "@types/body-parser": {
      "version": "1.19.2",
      "resolved": "https://eu.artifactory.swg-devops.com/artifactory/api/npm/sec-ops-trusteer-npm-virtual/@types/body-parser/-/body-parser-1.19.2.tgz?dl=https%3A%2F%2Fregistry.npmjs.org%2F%40types%2Fbody-parser%2F-%2Fbody-parser-1.19.2.tgz",
      "integrity": "sha1-rqIFnii3ZYY5CBNHrE+rPeFm5vA=",
      "requires": {
        "@types/connect": "*",
        "@types/node": "*"
      }
    },
    "@types/connect": {
      "version": "3.4.35",
      "resolved": "https://eu.artifactory.swg-devops.com/artifactory/api/npm/sec-ops-trusteer-npm-virtual/@types/connect/-/connect-3.4.35.tgz?dl=https%3A%2F%2Fregistry.npmjs.org%2F%40types%2Fconnect%2F-%2Fconnect-3.4.35.tgz",
      "integrity": "sha1-X89q5EXkAh0fwiGaSHPMc6O7KtE=",
      "requires": {
        "@types/node": "*"
      }
    },
    "@types/cookie-parser": {
      "version": "1.4.2",
      "resolved": "https://eu.artifactory.swg-devops.com/artifactory/api/npm/sec-ops-trusteer-npm-virtual/@types/cookie-parser/-/cookie-parser-1.4.2.tgz?dl=https%3A%2F%2Fregistry.npmjs.org%2F%40types%2Fcookie-parser%2F-%2Fcookie-parser-1.4.2.tgz",
      "integrity": "sha1-5NXF/9qCuAZyqIpCgarO77G9nfU=",
      "requires": {
        "@types/express": "*"
      }
    },
    "@types/express": {
      "version": "4.17.13",
      "resolved": "https://eu.artifactory.swg-devops.com/artifactory/api/npm/sec-ops-trusteer-npm-virtual/@types/express/-/express-4.17.13.tgz?dl=https%3A%2F%2Fregistry.npmjs.org%2F%40types%2Fexpress%2F-%2Fexpress-4.17.13.tgz",
      "integrity": "sha1-p24plXKJmbq1GjP6vOHXBaNwkDQ=",
      "requires": {
        "@types/body-parser": "*",
        "@types/express-serve-static-core": "^4.17.18",
        "@types/qs": "*",
        "@types/serve-static": "*"
      }
    },
    "@types/express-serve-static-core": {
      "version": "4.17.28",
      "resolved": "https://eu.artifactory.swg-devops.com/artifactory/api/npm/sec-ops-trusteer-npm-virtual/@types/express-serve-static-core/-/express-serve-static-core-4.17.28.tgz?dl=https%3A%2F%2Fregistry.npmjs.org%2F%40types%2Fexpress-serve-static-core%2F-%2Fexpress-serve-static-core-4.17.28.tgz",
      "integrity": "sha1-xH3vnzTsgdxjKNCxtTA9HsmNhrg=",
      "requires": {
        "@types/node": "*",
        "@types/qs": "*",
        "@types/range-parser": "*"
      }
    },
    "@types/mime": {
      "version": "1.3.2",
      "resolved": "https://eu.artifactory.swg-devops.com/artifactory/api/npm/sec-ops-trusteer-npm-virtual/@types/mime/-/mime-1.3.2.tgz?dl=https%3A%2F%2Fregistry.npmjs.org%2F%40types%2Fmime%2F-%2Fmime-1.3.2.tgz",
      "integrity": "sha1-k+Jb+e51/g/YC1lLxP6w6GIRG1o="
    },
    "@types/node": {
      "version": "17.0.8",
      "resolved": "https://eu.artifactory.swg-devops.com/artifactory/api/npm/sec-ops-trusteer-npm-virtual/@types/node/-/node-17.0.8.tgz?dl=https%3A%2F%2Fregistry.npmjs.org%2F%40types%2Fnode%2F-%2Fnode-17.0.8.tgz",
      "integrity": "sha1-UNaAyKinj+MKvmkGRTshrYqwrXs="
    },
    "@types/qs": {
      "version": "6.9.7",
      "resolved": "https://eu.artifactory.swg-devops.com/artifactory/api/npm/sec-ops-trusteer-npm-virtual/@types/qs/-/qs-6.9.7.tgz?dl=https%3A%2F%2Fregistry.npmjs.org%2F%40types%2Fqs%2F-%2Fqs-6.9.7.tgz",
      "integrity": "sha1-Y7t9Bn2xB8weRXwwO8JdUR/r9ss="
    },
    "@types/range-parser": {
      "version": "1.2.4",
      "resolved": "https://eu.artifactory.swg-devops.com/artifactory/api/npm/sec-ops-trusteer-npm-virtual/@types/range-parser/-/range-parser-1.2.4.tgz?dl=https%3A%2F%2Fregistry.npmjs.org%2F%40types%2Frange-parser%2F-%2Frange-parser-1.2.4.tgz",
      "integrity": "sha1-zWZ7z90CUhOq+3ylkVqTJZCs3Nw="
    },
    "@types/serve-static": {
      "version": "1.13.10",
      "resolved": "https://eu.artifactory.swg-devops.com/artifactory/api/npm/sec-ops-trusteer-npm-virtual/@types/serve-static/-/serve-static-1.13.10.tgz?dl=https%3A%2F%2Fregistry.npmjs.org%2F%40types%2Fserve-static%2F-%2Fserve-static-1.13.10.tgz",
      "integrity": "sha1-9eDOh5fS18xevtpIpSyWxPpHqNk=",
      "requires": {
        "@types/mime": "^1",
        "@types/node": "*"
      }
    },
    "@types/uuid": {
      "version": "3.4.10",
      "resolved": "https://eu.artifactory.swg-devops.com/artifactory/api/npm/sec-ops-trusteer-npm-virtual/@types/uuid/-/uuid-3.4.10.tgz?dl=https%3A%2F%2Fregistry.npmjs.org%2F%40types%2Fuuid%2F-%2Fuuid-3.4.10.tgz",
      "integrity": "sha1-Y308hDHxEu32corJvfrf4ClUD0g="
    },
    "accepts": {
      "version": "1.3.7",
      "resolved": "https://eu.artifactory.swg-devops.com/artifactory/api/npm/sec-ops-trusteer-npm-virtual/accepts/-/accepts-1.3.7.tgz?dl=https%3A%2F%2Fregistry.npmjs.org%2Faccepts%2F-%2Faccepts-1.3.7.tgz",
      "integrity": "sha1-UxvHJlF6OytB+FACHGzBXqq1B80=",
      "requires": {
        "mime-types": "~2.1.24",
        "negotiator": "0.6.2"
      }
    },
    "array-flatten": {
      "version": "1.1.1",
      "resolved": "https://eu.artifactory.swg-devops.com/artifactory/api/npm/sec-ops-trusteer-npm-virtual/array-flatten/-/array-flatten-1.1.1.tgz?dl=https%3A%2F%2Fregistry.npmjs.org%2Farray-flatten%2F-%2Farray-flatten-1.1.1.tgz",
      "integrity": "sha1-ml9pkFGx5wczKPKgCJaLZOopVdI="
    },
    "axios": {
      "version": "0.19.2",
      "resolved": "https://eu.artifactory.swg-devops.com/artifactory/api/npm/sec-ops-trusteer-npm-virtual/axios/-/axios-0.19.2.tgz?dl=https%3A%2F%2Fregistry.npmjs.org%2Faxios%2F-%2Faxios-0.19.2.tgz",
      "integrity": "sha1-PqNsXYgY0NX4qKl6bTa4bNwAyyc=",
      "requires": {
        "follow-redirects": "1.5.10"
      }
    },
    "body-parser": {
      "version": "1.19.1",
      "resolved": "https://eu.artifactory.swg-devops.com/artifactory/api/npm/sec-ops-trusteer-npm-virtual/body-parser/-/body-parser-1.19.1.tgz?dl=https%3A%2F%2Fregistry.npmjs.org%2Fbody-parser%2F-%2Fbody-parser-1.19.1.tgz",
      "integrity": "sha1-FJmruqknSvPsyfbxA5bJlZQ+MdQ=",
      "requires": {
        "bytes": "3.1.1",
        "content-type": "~1.0.4",
        "debug": "2.6.9",
        "depd": "~1.1.2",
        "http-errors": "1.8.1",
        "iconv-lite": "0.4.24",
        "on-finished": "~2.3.0",
        "qs": "6.9.6",
        "raw-body": "2.4.2",
        "type-is": "~1.6.18"
      },
      "dependencies": {
        "debug": {
          "version": "2.6.9",
          "resolved": "https://eu.artifactory.swg-devops.com/artifactory/api/npm/sec-ops-trusteer-npm-virtual/debug/-/debug-2.6.9.tgz?dl=https%3A%2F%2Fregistry.npmjs.org%2Fdebug%2F-%2Fdebug-2.6.9.tgz",
          "integrity": "sha1-XRKFFd8TT/Mn6QpMk/Tgd6U2NB8=",
          "requires": {
            "ms": "2.0.0"
          }
        }
      }
    },
    "boolbase": {
      "version": "1.0.0",
      "resolved": "https://eu.artifactory.swg-devops.com/artifactory/api/npm/sec-ops-trusteer-npm-virtual/boolbase/-/boolbase-1.0.0.tgz?dl=https%3A%2F%2Fregistry.npmjs.org%2Fboolbase%2F-%2Fboolbase-1.0.0.tgz",
      "integrity": "sha1-aN/1++YMUes3cl6p4+0xDcwed24="
    },
    "bytes": {
      "version": "3.1.1",
      "resolved": "https://eu.artifactory.swg-devops.com/artifactory/api/npm/sec-ops-trusteer-npm-virtual/bytes/-/bytes-3.1.1.tgz?dl=https%3A%2F%2Fregistry.npmjs.org%2Fbytes%2F-%2Fbytes-3.1.1.tgz",
      "integrity": "sha1-PwGCkctMutmsy25pcLypyIieh5o="
    },
    "cas": {
      "version": "git://github.com/joshchan/node-cas.git#344a8bfba9d054e2e378adaf95b720c898ae48a2",
      "from": "git://github.com/joshchan/node-cas.git",
      "requires": {
        "cheerio": "0.19.0"
      }
    },
    "cheerio": {
      "version": "0.19.0",
      "resolved": "https://eu.artifactory.swg-devops.com/artifactory/api/npm/sec-ops-trusteer-npm-virtual/cheerio/-/cheerio-0.19.0.tgz?dl=https%3A%2F%2Fregistry.npmjs.org%2Fcheerio%2F-%2Fcheerio-0.19.0.tgz",
      "integrity": "sha1-dy5wFfLuKZZQltcepBdbdas1SSU=",
      "requires": {
        "css-select": "~1.0.0",
        "dom-serializer": "~0.1.0",
        "entities": "~1.1.1",
        "htmlparser2": "~3.8.1",
        "lodash": "^3.2.0"
      }
    },
    "content-disposition": {
      "version": "0.5.4",
      "resolved": "https://eu.artifactory.swg-devops.com/artifactory/api/npm/sec-ops-trusteer-npm-virtual/content-disposition/-/content-disposition-0.5.4.tgz?dl=https%3A%2F%2Fregistry.npmjs.org%2Fcontent-disposition%2F-%2Fcontent-disposition-0.5.4.tgz",
      "integrity": "sha1-i4K076yCUSoCuwsdzsnSxejrW/4=",
      "requires": {
        "safe-buffer": "5.2.1"
      }
    },
    "content-type": {
      "version": "1.0.4",
      "resolved": "https://eu.artifactory.swg-devops.com/artifactory/api/npm/sec-ops-trusteer-npm-virtual/content-type/-/content-type-1.0.4.tgz?dl=https%3A%2F%2Fregistry.npmjs.org%2Fcontent-type%2F-%2Fcontent-type-1.0.4.tgz",
      "integrity": "sha1-4TjMdeBAxyexlm/l5fjJruJW/js="
    },
    "cookie": {
      "version": "0.4.1",
      "resolved": "https://eu.artifactory.swg-devops.com/artifactory/api/npm/sec-ops-trusteer-npm-virtual/cookie/-/cookie-0.4.1.tgz?dl=https%3A%2F%2Fregistry.npmjs.org%2Fcookie%2F-%2Fcookie-0.4.1.tgz",
      "integrity": "sha1-r9cT/ibr0hupXOth+agRblClN9E="
    },
    "cookie-parser": {
      "version": "1.4.6",
      "resolved": "https://eu.artifactory.swg-devops.com/artifactory/api/npm/sec-ops-trusteer-npm-virtual/cookie-parser/-/cookie-parser-1.4.6.tgz?dl=https%3A%2F%2Fregistry.npmjs.org%2Fcookie-parser%2F-%2Fcookie-parser-1.4.6.tgz",
      "integrity": "sha1-OsOn01p6A7vH42UHOiYHSCQhRZQ=",
      "requires": {
        "cookie": "0.4.1",
        "cookie-signature": "1.0.6"
      }
    },
    "cookie-signature": {
      "version": "1.0.6",
      "resolved": "https://eu.artifactory.swg-devops.com/artifactory/api/npm/sec-ops-trusteer-npm-virtual/cookie-signature/-/cookie-signature-1.0.6.tgz?dl=https%3A%2F%2Fregistry.npmjs.org%2Fcookie-signature%2F-%2Fcookie-signature-1.0.6.tgz",
      "integrity": "sha1-4wOogrNCzD7oylE6eZmXNNqzriw="
    },
    "core-util-is": {
      "version": "1.0.3",
      "resolved": "https://eu.artifactory.swg-devops.com/artifactory/api/npm/sec-ops-trusteer-npm-virtual/core-util-is/-/core-util-is-1.0.3.tgz?dl=https%3A%2F%2Fregistry.npmjs.org%2Fcore-util-is%2F-%2Fcore-util-is-1.0.3.tgz",
      "integrity": "sha1-pgQtNjTCsn6TKPg3uWX6yDgI24U="
    },
    "css-select": {
      "version": "1.0.0",
      "resolved": "https://eu.artifactory.swg-devops.com/artifactory/api/npm/sec-ops-trusteer-npm-virtual/css-select/-/css-select-1.0.0.tgz?dl=https%3A%2F%2Fregistry.npmjs.org%2Fcss-select%2F-%2Fcss-select-1.0.0.tgz",
      "integrity": "sha1-sRIcpRhI3SZOIkTQWM7iVN7rRLA=",
      "requires": {
        "boolbase": "~1.0.0",
        "css-what": "1.0",
        "domutils": "1.4",
        "nth-check": "~1.0.0"
      }
    },
    "css-what": {
      "version": "1.0.0",
      "resolved": "https://eu.artifactory.swg-devops.com/artifactory/api/npm/sec-ops-trusteer-npm-virtual/css-what/-/css-what-1.0.0.tgz?dl=https%3A%2F%2Fregistry.npmjs.org%2Fcss-what%2F-%2Fcss-what-1.0.0.tgz",
      "integrity": "sha1-18wt9FGAZm+Z0rFEYmOUaeAPc2w="
    },
    "debug": {
      "version": "3.1.0",
      "resolved": "https://eu.artifactory.swg-devops.com/artifactory/api/npm/sec-ops-trusteer-npm-virtual/debug/-/debug-3.1.0.tgz?dl=https%3A%2F%2Fregistry.npmjs.org%2Fdebug%2F-%2Fdebug-3.1.0.tgz",
      "integrity": "sha1-W7WgZyYotkFJVmuhaBnmFRjGcmE=",
      "requires": {
        "ms": "2.0.0"
      }
    },
    "depd": {
      "version": "1.1.2",
      "resolved": "https://eu.artifactory.swg-devops.com/artifactory/api/npm/sec-ops-trusteer-npm-virtual/depd/-/depd-1.1.2.tgz?dl=https%3A%2F%2Fregistry.npmjs.org%2Fdepd%2F-%2Fdepd-1.1.2.tgz",
      "integrity": "sha1-m81S4UwJd2PnSbJ0xDRu0uVgtak="
    },
    "destroy": {
      "version": "1.0.4",
      "resolved": "https://eu.artifactory.swg-devops.com/artifactory/api/npm/sec-ops-trusteer-npm-virtual/destroy/-/destroy-1.0.4.tgz?dl=https%3A%2F%2Fregistry.npmjs.org%2Fdestroy%2F-%2Fdestroy-1.0.4.tgz",
      "integrity": "sha1-l4hXRCxEdJ5CBmE+N5RiBYJqvYA="
    },
    "dom-serializer": {
      "version": "0.1.1",
      "resolved": "https://eu.artifactory.swg-devops.com/artifactory/api/npm/sec-ops-trusteer-npm-virtual/dom-serializer/-/dom-serializer-0.1.1.tgz?dl=https%3A%2F%2Fregistry.npmjs.org%2Fdom-serializer%2F-%2Fdom-serializer-0.1.1.tgz",
      "integrity": "sha1-HsQFnihLq+027sKUHUqXChic58A=",
      "requires": {
        "domelementtype": "^1.3.0",
        "entities": "^1.1.1"
      }
    },
    "domelementtype": {
      "version": "1.3.1",
      "resolved": "https://eu.artifactory.swg-devops.com/artifactory/api/npm/sec-ops-trusteer-npm-virtual/domelementtype/-/domelementtype-1.3.1.tgz?dl=https%3A%2F%2Fregistry.npmjs.org%2Fdomelementtype%2F-%2Fdomelementtype-1.3.1.tgz",
      "integrity": "sha1-0EjESzew0Qp/Kj1f7j9DM9eQSB8="
    },
    "domhandler": {
      "version": "2.3.0",
      "resolved": "https://eu.artifactory.swg-devops.com/artifactory/api/npm/sec-ops-trusteer-npm-virtual/domhandler/-/domhandler-2.3.0.tgz?dl=https%3A%2F%2Fregistry.npmjs.org%2Fdomhandler%2F-%2Fdomhandler-2.3.0.tgz",
      "integrity": "sha1-LeWaCCLVAn+r/28DLCsloqir5zg=",
      "requires": {
        "domelementtype": "1"
      }
    },
    "domutils": {
      "version": "1.4.3",
      "resolved": "https://eu.artifactory.swg-devops.com/artifactory/api/npm/sec-ops-trusteer-npm-virtual/domutils/-/domutils-1.4.3.tgz?dl=https%3A%2F%2Fregistry.npmjs.org%2Fdomutils%2F-%2Fdomutils-1.4.3.tgz",
      "integrity": "sha1-CGVRN5bGswYDGFDhdVFrr4C3Km8=",
      "requires": {
        "domelementtype": "1"
      }
    },
    "dotenv": {
      "version": "16.0.0",
      "resolved": "https://eu.artifactory.swg-devops.com/artifactory/api/npm/sec-ops-trusteer-npm-virtual/dotenv/-/dotenv-16.0.0.tgz?dl=https%3A%2F%2Fregistry.npmjs.org%2Fdotenv%2F-%2Fdotenv-16.0.0.tgz",
      "integrity": "sha1-xhkAElO+ieu2ONAntgnHXCbkdBE="
    },
    "ee-first": {
      "version": "1.1.1",
      "resolved": "https://eu.artifactory.swg-devops.com/artifactory/api/npm/sec-ops-trusteer-npm-virtual/ee-first/-/ee-first-1.1.1.tgz?dl=https%3A%2F%2Fregistry.npmjs.org%2Fee-first%2F-%2Fee-first-1.1.1.tgz",
      "integrity": "sha1-WQxhFWsK4vTwJVcyoViyZrxWsh0="
    },
    "encodeurl": {
      "version": "1.0.2",
      "resolved": "https://eu.artifactory.swg-devops.com/artifactory/api/npm/sec-ops-trusteer-npm-virtual/encodeurl/-/encodeurl-1.0.2.tgz?dl=https%3A%2F%2Fregistry.npmjs.org%2Fencodeurl%2F-%2Fencodeurl-1.0.2.tgz",
      "integrity": "sha1-rT/0yG7C0CkyL1oCw6mmBslbP1k="
    },
    "entities": {
      "version": "1.1.2",
      "resolved": "https://eu.artifactory.swg-devops.com/artifactory/api/npm/sec-ops-trusteer-npm-virtual/entities/-/entities-1.1.2.tgz?dl=https%3A%2F%2Fregistry.npmjs.org%2Fentities%2F-%2Fentities-1.1.2.tgz",
      "integrity": "sha1-vfpzUplmTfr9NFKe1PhSKidf6lY="
    },
    "escape-html": {
      "version": "1.0.3",
      "resolved": "https://eu.artifactory.swg-devops.com/artifactory/api/npm/sec-ops-trusteer-npm-virtual/escape-html/-/escape-html-1.0.3.tgz?dl=https%3A%2F%2Fregistry.npmjs.org%2Fescape-html%2F-%2Fescape-html-1.0.3.tgz",
      "integrity": "sha1-Aljq5NPQwJdN4cFpGI7wBR0dGYg="
    },
    "etag": {
      "version": "1.8.1",
      "resolved": "https://eu.artifactory.swg-devops.com/artifactory/api/npm/sec-ops-trusteer-npm-virtual/etag/-/etag-1.8.1.tgz?dl=https%3A%2F%2Fregistry.npmjs.org%2Fetag%2F-%2Fetag-1.8.1.tgz",
      "integrity": "sha1-Qa4u62XvpiJorr/qg6x9eSmbCIc="
    },
    "express": {
      "version": "4.17.2",
      "resolved": "https://eu.artifactory.swg-devops.com/artifactory/api/npm/sec-ops-trusteer-npm-virtual/express/-/express-4.17.2.tgz?dl=https%3A%2F%2Fregistry.npmjs.org%2Fexpress%2F-%2Fexpress-4.17.2.tgz",
      "integrity": "sha1-wYNp8mUpcxm+7U5VWHU8yME2TLM=",
      "requires": {
        "accepts": "~1.3.7",
        "array-flatten": "1.1.1",
        "body-parser": "1.19.1",
        "content-disposition": "0.5.4",
        "content-type": "~1.0.4",
        "cookie": "0.4.1",
        "cookie-signature": "1.0.6",
        "debug": "2.6.9",
        "depd": "~1.1.2",
        "encodeurl": "~1.0.2",
        "escape-html": "~1.0.3",
        "etag": "~1.8.1",
        "finalhandler": "~1.1.2",
        "fresh": "0.5.2",
        "merge-descriptors": "1.0.1",
        "methods": "~1.1.2",
        "on-finished": "~2.3.0",
        "parseurl": "~1.3.3",
        "path-to-regexp": "0.1.7",
        "proxy-addr": "~2.0.7",
        "qs": "6.9.6",
        "range-parser": "~1.2.1",
        "safe-buffer": "5.2.1",
        "send": "0.17.2",
        "serve-static": "1.14.2",
        "setprototypeof": "1.2.0",
        "statuses": "~1.5.0",
        "type-is": "~1.6.18",
        "utils-merge": "1.0.1",
        "vary": "~1.1.2"
      },
      "dependencies": {
        "debug": {
          "version": "2.6.9",
          "resolved": "https://eu.artifactory.swg-devops.com/artifactory/api/npm/sec-ops-trusteer-npm-virtual/debug/-/debug-2.6.9.tgz?dl=https%3A%2F%2Fregistry.npmjs.org%2Fdebug%2F-%2Fdebug-2.6.9.tgz",
          "integrity": "sha1-XRKFFd8TT/Mn6QpMk/Tgd6U2NB8=",
          "requires": {
            "ms": "2.0.0"
          }
        }
      }
    },
    "finalhandler": {
      "version": "1.1.2",
      "resolved": "https://eu.artifactory.swg-devops.com/artifactory/api/npm/sec-ops-trusteer-npm-virtual/finalhandler/-/finalhandler-1.1.2.tgz?dl=https%3A%2F%2Fregistry.npmjs.org%2Ffinalhandler%2F-%2Ffinalhandler-1.1.2.tgz",
      "integrity": "sha1-t+fQAP/RGTjQ/bBTUG9uur6fWH0=",
      "requires": {
        "debug": "2.6.9",
        "encodeurl": "~1.0.2",
        "escape-html": "~1.0.3",
        "on-finished": "~2.3.0",
        "parseurl": "~1.3.3",
        "statuses": "~1.5.0",
        "unpipe": "~1.0.0"
      },
      "dependencies": {
        "debug": {
          "version": "2.6.9",
          "resolved": "https://eu.artifactory.swg-devops.com/artifactory/api/npm/sec-ops-trusteer-npm-virtual/debug/-/debug-2.6.9.tgz?dl=https%3A%2F%2Fregistry.npmjs.org%2Fdebug%2F-%2Fdebug-2.6.9.tgz",
          "integrity": "sha1-XRKFFd8TT/Mn6QpMk/Tgd6U2NB8=",
          "requires": {
            "ms": "2.0.0"
          }
        }
      }
    },
    "follow-redirects": {
      "version": "1.5.10",
      "resolved": "https://eu.artifactory.swg-devops.com/artifactory/api/npm/sec-ops-trusteer-npm-virtual/follow-redirects/-/follow-redirects-1.5.10.tgz?dl=https%3A%2F%2Fregistry.npmjs.org%2Ffollow-redirects%2F-%2Ffollow-redirects-1.5.10.tgz",
      "integrity": "sha1-e3qfmuov3/NnhqlP9kPtB/T/Xio=",
      "requires": {
        "debug": "=3.1.0"
      }
    },
    "forwarded": {
      "version": "0.2.0",
      "resolved": "https://eu.artifactory.swg-devops.com/artifactory/api/npm/sec-ops-trusteer-npm-virtual/forwarded/-/forwarded-0.2.0.tgz?dl=https%3A%2F%2Fregistry.npmjs.org%2Fforwarded%2F-%2Fforwarded-0.2.0.tgz",
      "integrity": "sha1-ImmTZCiq1MFcfr6XeahL8LKoGBE="
    },
    "fresh": {
      "version": "0.5.2",
      "resolved": "https://eu.artifactory.swg-devops.com/artifactory/api/npm/sec-ops-trusteer-npm-virtual/fresh/-/fresh-0.5.2.tgz?dl=https%3A%2F%2Fregistry.npmjs.org%2Ffresh%2F-%2Ffresh-0.5.2.tgz",
      "integrity": "sha1-PYyt2Q2XZWn6g1qx+OSyOhBWBac="
    },
    "htmlparser2": {
      "version": "3.8.3",
      "resolved": "https://eu.artifactory.swg-devops.com/artifactory/api/npm/sec-ops-trusteer-npm-virtual/htmlparser2/-/htmlparser2-3.8.3.tgz?dl=https%3A%2F%2Fregistry.npmjs.org%2Fhtmlparser2%2F-%2Fhtmlparser2-3.8.3.tgz",
      "integrity": "sha1-mWwosZFRaovoZQGn15dX5ccMEGg=",
      "requires": {
        "domelementtype": "1",
        "domhandler": "2.3",
        "domutils": "1.5",
        "entities": "1.0",
        "readable-stream": "1.1"
      },
      "dependencies": {
        "domutils": {
          "version": "1.5.1",
          "resolved": "https://eu.artifactory.swg-devops.com/artifactory/api/npm/sec-ops-trusteer-npm-virtual/domutils/-/domutils-1.5.1.tgz?dl=https%3A%2F%2Fregistry.npmjs.org%2Fdomutils%2F-%2Fdomutils-1.5.1.tgz",
          "integrity": "sha1-3NhIiib1Y9YQeeSMn3t+Mjc2gs8=",
          "requires": {
            "dom-serializer": "0",
            "domelementtype": "1"
          }
        },
        "entities": {
          "version": "1.0.0",
          "resolved": "https://eu.artifactory.swg-devops.com/artifactory/api/npm/sec-ops-trusteer-npm-virtual/entities/-/entities-1.0.0.tgz?dl=https%3A%2F%2Fregistry.npmjs.org%2Fentities%2F-%2Fentities-1.0.0.tgz",
          "integrity": "sha1-sph6o4ITR/zeZCsk/fyeT7cSvyY="
        }
      }
    },
    "http-errors": {
      "version": "1.8.1",
      "resolved": "https://eu.artifactory.swg-devops.com/artifactory/api/npm/sec-ops-trusteer-npm-virtual/http-errors/-/http-errors-1.8.1.tgz?dl=https%3A%2F%2Fregistry.npmjs.org%2Fhttp-errors%2F-%2Fhttp-errors-1.8.1.tgz",
      "integrity": "sha1-fD8oV3y8iiBziEVdvWIpXtB71ow=",
      "requires": {
        "depd": "~1.1.2",
        "inherits": "2.0.4",
        "setprototypeof": "1.2.0",
        "statuses": ">= 1.5.0 < 2",
        "toidentifier": "1.0.1"
      }
    },
    "iconv-lite": {
      "version": "0.4.24",
      "resolved": "https://eu.artifactory.swg-devops.com/artifactory/api/npm/sec-ops-trusteer-npm-virtual/iconv-lite/-/iconv-lite-0.4.24.tgz?dl=https%3A%2F%2Fregistry.npmjs.org%2Ficonv-lite%2F-%2Ficonv-lite-0.4.24.tgz",
      "integrity": "sha1-ICK0sl+93CHS9SSXSkdKr+czkIs=",
      "requires": {
        "safer-buffer": ">= 2.1.2 < 3"
      }
    },
    "inherits": {
      "version": "2.0.4",
      "resolved": "https://eu.artifactory.swg-devops.com/artifactory/api/npm/sec-ops-trusteer-npm-virtual/inherits/-/inherits-2.0.4.tgz?dl=https%3A%2F%2Fregistry.npmjs.org%2Finherits%2F-%2Finherits-2.0.4.tgz",
      "integrity": "sha1-D6LGT5MpF8NDOg3tVTY6rjdBa3w="
    },
    "ipaddr.js": {
      "version": "1.9.1",
      "resolved": "https://eu.artifactory.swg-devops.com/artifactory/api/npm/sec-ops-trusteer-npm-virtual/ipaddr.js/-/ipaddr.js-1.9.1.tgz?dl=https%3A%2F%2Fregistry.npmjs.org%2Fipaddr.js%2F-%2Fipaddr.js-1.9.1.tgz",
      "integrity": "sha1-v/OFQ+64mEglB5/zoqjmy9RngbM="
    },
    "isarray": {
      "version": "0.0.1",
      "resolved": "https://eu.artifactory.swg-devops.com/artifactory/api/npm/sec-ops-trusteer-npm-virtual/isarray/-/isarray-0.0.1.tgz?dl=https%3A%2F%2Fregistry.npmjs.org%2Fisarray%2F-%2Fisarray-0.0.1.tgz",
      "integrity": "sha1-ihis/Kmo9Bd+Cav8YDiTmwXR7t8="
    },
    "lodash": {
      "version": "3.10.1",
      "resolved": "https://eu.artifactory.swg-devops.com/artifactory/api/npm/sec-ops-trusteer-npm-virtual/lodash/-/lodash-3.10.1.tgz?dl=https%3A%2F%2Fregistry.npmjs.org%2Flodash%2F-%2Flodash-3.10.1.tgz",
      "integrity": "sha1-W/Rejkm6QYnhfUgnid/RW9FAt7Y="
    },
    "media-typer": {
      "version": "0.3.0",
      "resolved": "https://eu.artifactory.swg-devops.com/artifactory/api/npm/sec-ops-trusteer-npm-virtual/media-typer/-/media-typer-0.3.0.tgz?dl=https%3A%2F%2Fregistry.npmjs.org%2Fmedia-typer%2F-%2Fmedia-typer-0.3.0.tgz",
      "integrity": "sha1-hxDXrwqmJvj/+hzgAWhUUmMlV0g="
    },
    "merge-descriptors": {
      "version": "1.0.1",
      "resolved": "https://eu.artifactory.swg-devops.com/artifactory/api/npm/sec-ops-trusteer-npm-virtual/merge-descriptors/-/merge-descriptors-1.0.1.tgz?dl=https%3A%2F%2Fregistry.npmjs.org%2Fmerge-descriptors%2F-%2Fmerge-descriptors-1.0.1.tgz",
      "integrity": "sha1-sAqqVW3YtEVoFQ7J0blT8/kMu2E="
    },
    "methods": {
      "version": "1.1.2",
      "resolved": "https://eu.artifactory.swg-devops.com/artifactory/api/npm/sec-ops-trusteer-npm-virtual/methods/-/methods-1.1.2.tgz?dl=https%3A%2F%2Fregistry.npmjs.org%2Fmethods%2F-%2Fmethods-1.1.2.tgz",
      "integrity": "sha1-VSmk1nZUE07cxSZmVoNbD4Ua/O4="
    },
    "mime": {
      "version": "1.6.0",
      "resolved": "https://eu.artifactory.swg-devops.com/artifactory/api/npm/sec-ops-trusteer-npm-virtual/mime/-/mime-1.6.0.tgz?dl=https%3A%2F%2Fregistry.npmjs.org%2Fmime%2F-%2Fmime-1.6.0.tgz",
      "integrity": "sha1-Ms2eXGRVO9WNGaVor0Uqz/BJgbE="
    },
    "mime-db": {
      "version": "1.51.0",
      "resolved": "https://eu.artifactory.swg-devops.com/artifactory/api/npm/sec-ops-trusteer-npm-virtual/mime-db/-/mime-db-1.51.0.tgz?dl=https%3A%2F%2Fregistry.npmjs.org%2Fmime-db%2F-%2Fmime-db-1.51.0.tgz",
      "integrity": "sha1-2f9iRRhZsYNC2WCFDcPPt35j+ww="
    },
    "mime-types": {
      "version": "2.1.34",
      "resolved": "https://eu.artifactory.swg-devops.com/artifactory/api/npm/sec-ops-trusteer-npm-virtual/mime-types/-/mime-types-2.1.34.tgz?dl=https%3A%2F%2Fregistry.npmjs.org%2Fmime-types%2F-%2Fmime-types-2.1.34.tgz",
      "integrity": "sha1-WnEvnsFQNRGpRYA2QPr+CdN5PCQ=",
      "requires": {
        "mime-db": "1.51.0"
      }
    },
    "ms": {
      "version": "2.0.0",
      "resolved": "https://eu.artifactory.swg-devops.com/artifactory/api/npm/sec-ops-trusteer-npm-virtual/ms/-/ms-2.0.0.tgz?dl=https%3A%2F%2Fregistry.npmjs.org%2Fms%2F-%2Fms-2.0.0.tgz",
      "integrity": "sha1-VgiurfwAvmwpAd9fmGF4jeDVl8g="
    },
    "negotiator": {
      "version": "0.6.2",
      "resolved": "https://eu.artifactory.swg-devops.com/artifactory/api/npm/sec-ops-trusteer-npm-virtual/negotiator/-/negotiator-0.6.2.tgz?dl=https%3A%2F%2Fregistry.npmjs.org%2Fnegotiator%2F-%2Fnegotiator-0.6.2.tgz",
      "integrity": "sha1-/qz3zPUlp3rpY0Q2pkiD/+yjRvs="
    },
    "nth-check": {
      "version": "1.0.2",
      "resolved": "https://eu.artifactory.swg-devops.com/artifactory/api/npm/sec-ops-trusteer-npm-virtual/nth-check/-/nth-check-1.0.2.tgz?dl=https%3A%2F%2Fregistry.npmjs.org%2Fnth-check%2F-%2Fnth-check-1.0.2.tgz",
      "integrity": "sha1-sr0pXDfj3VijvwcAN2Zjuk2c8Fw=",
      "requires": {
        "boolbase": "~1.0.0"
      }
    },
    "on-finished": {
      "version": "2.3.0",
      "resolved": "https://eu.artifactory.swg-devops.com/artifactory/api/npm/sec-ops-trusteer-npm-virtual/on-finished/-/on-finished-2.3.0.tgz?dl=https%3A%2F%2Fregistry.npmjs.org%2Fon-finished%2F-%2Fon-finished-2.3.0.tgz",
      "integrity": "sha1-IPEzZIGwg811M3mSoWlxqi2QaUc=",
      "requires": {
        "ee-first": "1.1.1"
      }
    },
    "parseurl": {
      "version": "1.3.3",
      "resolved": "https://eu.artifactory.swg-devops.com/artifactory/api/npm/sec-ops-trusteer-npm-virtual/parseurl/-/parseurl-1.3.3.tgz?dl=https%3A%2F%2Fregistry.npmjs.org%2Fparseurl%2F-%2Fparseurl-1.3.3.tgz",
      "integrity": "sha1-naGee+6NEt/wUT7Vt2lXeTvC6NQ="
    },
    "passport": {
      "version": "0.4.1",
      "resolved": "https://eu.artifactory.swg-devops.com/artifactory/api/npm/sec-ops-trusteer-npm-virtual/passport/-/passport-0.4.1.tgz?dl=https%3A%2F%2Fregistry.npmjs.org%2Fpassport%2F-%2Fpassport-0.4.1.tgz",
      "integrity": "sha1-lBRGohy5L8aI2XoIYcOM6fc48nA=",
      "requires": {
        "passport-strategy": "1.x.x",
        "pause": "0.0.1"
      }
    },
    "passport-cas2": {
      "version": "0.0.11",
      "resolved": "https://eu.artifactory.swg-devops.com/artifactory/api/npm/sec-ops-trusteer-npm-virtual/passport-cas2/-/passport-cas2-0.0.11.tgz?dl=https%3A%2F%2Fregistry.npmjs.org%2Fpassport-cas2%2F-%2Fpassport-cas2-0.0.11.tgz",
      "integrity": "sha1-2xRHb3fGkRK7opgYm8gYCcL9WHs=",
      "requires": {
        "cas": "git://github.com/joshchan/node-cas.git",
        "passport-strategy": "^1.0.0"
      }
    },
    "passport-strategy": {
      "version": "1.0.0",
      "resolved": "https://eu.artifactory.swg-devops.com/artifactory/api/npm/sec-ops-trusteer-npm-virtual/passport-strategy/-/passport-strategy-1.0.0.tgz?dl=https%3A%2F%2Fregistry.npmjs.org%2Fpassport-strategy%2F-%2Fpassport-strategy-1.0.0.tgz",
      "integrity": "sha1-tVOaqPwiWj0a0XlHbd8ja0QPUuQ="
    },
    "path-to-regexp": {
      "version": "0.1.7",
      "resolved": "https://eu.artifactory.swg-devops.com/artifactory/api/npm/sec-ops-trusteer-npm-virtual/path-to-regexp/-/path-to-regexp-0.1.7.tgz?dl=https%3A%2F%2Fregistry.npmjs.org%2Fpath-to-regexp%2F-%2Fpath-to-regexp-0.1.7.tgz",
      "integrity": "sha1-32BBeABfUi8V60SQ5yR6G/qmf4w="
    },
    "pause": {
      "version": "0.0.1",
      "resolved": "https://eu.artifactory.swg-devops.com/artifactory/api/npm/sec-ops-trusteer-npm-virtual/pause/-/pause-0.0.1.tgz?dl=https%3A%2F%2Fregistry.npmjs.org%2Fpause%2F-%2Fpause-0.0.1.tgz",
      "integrity": "sha1-HUCLP9t2kjuVQ9lvtMnf1TXZy10="
    },
    "proxy-addr": {
      "version": "2.0.7",
      "resolved": "https://eu.artifactory.swg-devops.com/artifactory/api/npm/sec-ops-trusteer-npm-virtual/proxy-addr/-/proxy-addr-2.0.7.tgz?dl=https%3A%2F%2Fregistry.npmjs.org%2Fproxy-addr%2F-%2Fproxy-addr-2.0.7.tgz",
      "integrity": "sha1-8Z/mnOqzEe65S0LnDowgcPm6ECU=",
      "requires": {
        "forwarded": "0.2.0",
        "ipaddr.js": "1.9.1"
      }
    },
    "qs": {
      "version": "6.9.6",
      "resolved": "https://eu.artifactory.swg-devops.com/artifactory/api/npm/sec-ops-trusteer-npm-virtual/qs/-/qs-6.9.6.tgz?dl=https%3A%2F%2Fregistry.npmjs.org%2Fqs%2F-%2Fqs-6.9.6.tgz",
      "integrity": "sha1-Ju08gkOkMbKSSsqEzJBHHzXVoO4="
    },
    "range-parser": {
      "version": "1.2.1",
      "resolved": "https://eu.artifactory.swg-devops.com/artifactory/api/npm/sec-ops-trusteer-npm-virtual/range-parser/-/range-parser-1.2.1.tgz?dl=https%3A%2F%2Fregistry.npmjs.org%2Frange-parser%2F-%2Frange-parser-1.2.1.tgz",
      "integrity": "sha1-PPNwI9GZ4cJNGlW4SADC8+ZGgDE="
    },
    "raw-body": {
      "version": "2.4.2",
      "resolved": "https://eu.artifactory.swg-devops.com/artifactory/api/npm/sec-ops-trusteer-npm-virtual/raw-body/-/raw-body-2.4.2.tgz?dl=https%3A%2F%2Fregistry.npmjs.org%2Fraw-body%2F-%2Fraw-body-2.4.2.tgz",
      "integrity": "sha1-uvPpwh7rztWd1lM6yHK3H3thyzI=",
      "requires": {
        "bytes": "3.1.1",
        "http-errors": "1.8.1",
        "iconv-lite": "0.4.24",
        "unpipe": "1.0.0"
      }
    },
    "readable-stream": {
      "version": "1.1.14",
      "resolved": "https://eu.artifactory.swg-devops.com/artifactory/api/npm/sec-ops-trusteer-npm-virtual/readable-stream/-/readable-stream-1.1.14.tgz?dl=https%3A%2F%2Fregistry.npmjs.org%2Freadable-stream%2F-%2Freadable-stream-1.1.14.tgz",
      "integrity": "sha1-fPTFTvZI44EwhMY23SB54WbAgdk=",
      "requires": {
        "core-util-is": "~1.0.0",
        "inherits": "~2.0.1",
        "isarray": "0.0.1",
        "string_decoder": "~0.10.x"
      }
    },
    "safe-buffer": {
      "version": "5.2.1",
      "resolved": "https://eu.artifactory.swg-devops.com/artifactory/api/npm/sec-ops-trusteer-npm-virtual/safe-buffer/-/safe-buffer-5.2.1.tgz?dl=https%3A%2F%2Fregistry.npmjs.org%2Fsafe-buffer%2F-%2Fsafe-buffer-5.2.1.tgz",
      "integrity": "sha1-Hq+fqb2x/dTsdfWPnNtOa3gn7sY="
    },
    "safer-buffer": {
      "version": "2.1.2",
      "resolved": "https://eu.artifactory.swg-devops.com/artifactory/api/npm/sec-ops-trusteer-npm-virtual/safer-buffer/-/safer-buffer-2.1.2.tgz?dl=https%3A%2F%2Fregistry.npmjs.org%2Fsafer-buffer%2F-%2Fsafer-buffer-2.1.2.tgz",
      "integrity": "sha1-RPoWGwGHuVSd2Eu5GAL5vYOFzWo="
    },
    "send": {
      "version": "0.17.2",
      "resolved": "https://eu.artifactory.swg-devops.com/artifactory/api/npm/sec-ops-trusteer-npm-virtual/send/-/send-0.17.2.tgz?dl=https%3A%2F%2Fregistry.npmjs.org%2Fsend%2F-%2Fsend-0.17.2.tgz",
      "integrity": "sha1-kmYi92YBxBgIASyL8WiP45BveCA=",
      "requires": {
        "debug": "2.6.9",
        "depd": "~1.1.2",
        "destroy": "~1.0.4",
        "encodeurl": "~1.0.2",
        "escape-html": "~1.0.3",
        "etag": "~1.8.1",
        "fresh": "0.5.2",
        "http-errors": "1.8.1",
        "mime": "1.6.0",
        "ms": "2.1.3",
        "on-finished": "~2.3.0",
        "range-parser": "~1.2.1",
        "statuses": "~1.5.0"
      },
      "dependencies": {
        "debug": {
          "version": "2.6.9",
          "resolved": "https://eu.artifactory.swg-devops.com/artifactory/api/npm/sec-ops-trusteer-npm-virtual/debug/-/debug-2.6.9.tgz?dl=https%3A%2F%2Fregistry.npmjs.org%2Fdebug%2F-%2Fdebug-2.6.9.tgz",
          "integrity": "sha1-XRKFFd8TT/Mn6QpMk/Tgd6U2NB8=",
          "requires": {
            "ms": "2.0.0"
          },
          "dependencies": {
            "ms": {
              "version": "2.0.0",
              "resolved": "https://eu.artifactory.swg-devops.com/artifactory/api/npm/sec-ops-trusteer-npm-virtual/ms/-/ms-2.0.0.tgz?dl=https%3A%2F%2Fregistry.npmjs.org%2Fms%2F-%2Fms-2.0.0.tgz",
              "integrity": "sha1-VgiurfwAvmwpAd9fmGF4jeDVl8g="
            }
          }
        },
        "ms": {
          "version": "2.1.3",
          "resolved": "https://eu.artifactory.swg-devops.com/artifactory/api/npm/sec-ops-trusteer-npm-virtual/ms/-/ms-2.1.3.tgz?dl=https%3A%2F%2Fregistry.npmjs.org%2Fms%2F-%2Fms-2.1.3.tgz",
          "integrity": "sha1-V0yBOM4dK1hh8LRFedut1gxmFbI="
        }
      }
    },
    "serve-static": {
      "version": "1.14.2",
      "resolved": "https://eu.artifactory.swg-devops.com/artifactory/api/npm/sec-ops-trusteer-npm-virtual/serve-static/-/serve-static-1.14.2.tgz?dl=https%3A%2F%2Fregistry.npmjs.org%2Fserve-static%2F-%2Fserve-static-1.14.2.tgz",
      "integrity": "sha1-ci1ilLHWJibUG0OgE+zkWY0pK/o=",
      "requires": {
        "encodeurl": "~1.0.2",
        "escape-html": "~1.0.3",
        "parseurl": "~1.3.3",
        "send": "0.17.2"
      }
    },
    "setprototypeof": {
      "version": "1.2.0",
      "resolved": "https://eu.artifactory.swg-devops.com/artifactory/api/npm/sec-ops-trusteer-npm-virtual/setprototypeof/-/setprototypeof-1.2.0.tgz?dl=https%3A%2F%2Fregistry.npmjs.org%2Fsetprototypeof%2F-%2Fsetprototypeof-1.2.0.tgz",
      "integrity": "sha1-ZsmiSnP5/CjL5msJ/tPTPcrxtCQ="
    },
    "statuses": {
      "version": "1.5.0",
      "resolved": "https://eu.artifactory.swg-devops.com/artifactory/api/npm/sec-ops-trusteer-npm-virtual/statuses/-/statuses-1.5.0.tgz?dl=https%3A%2F%2Fregistry.npmjs.org%2Fstatuses%2F-%2Fstatuses-1.5.0.tgz",
      "integrity": "sha1-Fhx9rBd2Wf2YEfQ3cfqZOBR4Yow="
    },
    "string_decoder": {
      "version": "0.10.31",
      "resolved": "https://eu.artifactory.swg-devops.com/artifactory/api/npm/sec-ops-trusteer-npm-virtual/string_decoder/-/string_decoder-0.10.31.tgz?dl=https%3A%2F%2Fregistry.npmjs.org%2Fstring_decoder%2F-%2Fstring_decoder-0.10.31.tgz",
      "integrity": "sha1-YuIDvEF2bGwoyfyEMB2rHFMQ+pQ="
    },
    "toidentifier": {
      "version": "1.0.1",
      "resolved": "https://eu.artifactory.swg-devops.com/artifactory/api/npm/sec-ops-trusteer-npm-virtual/toidentifier/-/toidentifier-1.0.1.tgz?dl=https%3A%2F%2Fregistry.npmjs.org%2Ftoidentifier%2F-%2Ftoidentifier-1.0.1.tgz",
      "integrity": "sha1-O+NDIaiKgg7RvYDfqjPkefu43TU="
    },
    "type-is": {
      "version": "1.6.18",
      "resolved": "https://eu.artifactory.swg-devops.com/artifactory/api/npm/sec-ops-trusteer-npm-virtual/type-is/-/type-is-1.6.18.tgz?dl=https%3A%2F%2Fregistry.npmjs.org%2Ftype-is%2F-%2Ftype-is-1.6.18.tgz",
      "integrity": "sha1-TlUs0F3wlGfcvE73Od6J8s83wTE=",
      "requires": {
        "media-typer": "0.3.0",
        "mime-types": "~2.1.24"
      }
    },
    "unpipe": {
      "version": "1.0.0",
      "resolved": "https://eu.artifactory.swg-devops.com/artifactory/api/npm/sec-ops-trusteer-npm-virtual/unpipe/-/unpipe-1.0.0.tgz?dl=https%3A%2F%2Fregistry.npmjs.org%2Funpipe%2F-%2Funpipe-1.0.0.tgz",
      "integrity": "sha1-sr9O6FFKrmFltIF4KdIbLvSZBOw="
    },
    "utils-merge": {
      "version": "1.0.1",
      "resolved": "https://eu.artifactory.swg-devops.com/artifactory/api/npm/sec-ops-trusteer-npm-virtual/utils-merge/-/utils-merge-1.0.1.tgz?dl=https%3A%2F%2Fregistry.npmjs.org%2Futils-merge%2F-%2Futils-merge-1.0.1.tgz",
      "integrity": "sha1-n5VxD1CiZ5R7LMwSR0HBAoQn5xM="
    },
    "uuid": {
      "version": "3.4.0",
      "resolved": "https://eu.artifactory.swg-devops.com/artifactory/api/npm/sec-ops-trusteer-npm-virtual/uuid/-/uuid-3.4.0.tgz?dl=https%3A%2F%2Fregistry.npmjs.org%2Fuuid%2F-%2Fuuid-3.4.0.tgz",
      "integrity": "sha1-sj5DWK+oogL+ehAK8fX4g/AgB+4="
    },
    "vary": {
      "version": "1.1.2",
      "resolved": "https://eu.artifactory.swg-devops.com/artifactory/api/npm/sec-ops-trusteer-npm-virtual/vary/-/vary-1.1.2.tgz?dl=https%3A%2F%2Fregistry.npmjs.org%2Fvary%2F-%2Fvary-1.1.2.tgz",
      "integrity": "sha1-IpnwLG3tMNSllhsLn3RSShj2NPw="
    }
  }
}
