{
  "name": "postgress-connector",
  "version": "1.0.0",
  "lockfileVersion": 1,
  "requires": true,
  "dependencies": {
    "@types/node": {
      "version": "17.0.8",
      "resolved": "https://eu.artifactory.swg-devops.com/artifactory/api/npm/sec-ops-trusteer-npm-virtual/@types/node/-/node-17.0.8.tgz?dl=https%3A%2F%2Fregistry.npmjs.org%2F%40types%2Fnode%2F-%2Fnode-17.0.8.tgz",
      "integrity": "sha1-UNaAyKinj+MKvmkGRTshrYqwrXs="
    },
    "@types/pg": {
      "version": "8.6.4",
      "resolved": "https://eu.artifactory.swg-devops.com/artifactory/api/npm/sec-ops-trusteer-npm-virtual/@types/pg/-/pg-8.6.4.tgz?dl=https%3A%2F%2Fregistry.npmjs.org%2F%40types%2Fpg%2F-%2Fpg-8.6.4.tgz",
      "integrity": "sha1-2hrp0vU/Lb/dKzfg60eL9g1Rf2A=",
      "requires": {
        "@types/node": "*",
        "pg-protocol": "*",
        "pg-types": "^2.2.0"
      }
    },
    "buffer-writer": {
      "version": "2.0.0",
      "resolved": "https://eu.artifactory.swg-devops.com/artifactory/api/npm/sec-ops-trusteer-npm-virtual/buffer-writer/-/buffer-writer-2.0.0.tgz?dl=https%3A%2F%2Fregistry.npmjs.org%2Fbuffer-writer%2F-%2Fbuffer-writer-2.0.0.tgz",
      "integrity": "sha1-zn64Gjj3gp2wnIc/L7t5LAyY7AQ="
    },
    "packet-reader": {
      "version": "1.0.0",
      "resolved": "https://eu.artifactory.swg-devops.com/artifactory/api/npm/sec-ops-trusteer-npm-virtual/packet-reader/-/packet-reader-1.0.0.tgz?dl=https%3A%2F%2Fregistry.npmjs.org%2Fpacket-reader%2F-%2Fpacket-reader-1.0.0.tgz",
      "integrity": "sha1-kjjlSA3tq6z+H+PydxBj8WQVfXQ="
    },
    "pg": {
      "version": "8.7.1",
      "resolved": "https://eu.artifactory.swg-devops.com/artifactory/api/npm/sec-ops-trusteer-npm-virtual/pg/-/pg-8.7.1.tgz?dl=https%3A%2F%2Fregistry.npmjs.org%2Fpg%2F-%2Fpg-8.7.1.tgz",
      "integrity": "sha1-nqnR7CJZgMNvlOGB0Amrn0zkxHE=",
      "requires": {
        "buffer-writer": "2.0.0",
        "packet-reader": "1.0.0",
        "pg-connection-string": "^2.5.0",
        "pg-pool": "^3.4.1",
        "pg-protocol": "^1.5.0",
        "pg-types": "^2.1.0",
        "pgpass": "1.x"
      }
    },
    "pg-connection-string": {
      "version": "2.5.0",
      "resolved": "https://eu.artifactory.swg-devops.com/artifactory/api/npm/sec-ops-trusteer-npm-virtual/pg-connection-string/-/pg-connection-string-2.5.0.tgz?dl=https%3A%2F%2Fregistry.npmjs.org%2Fpg-connection-string%2F-%2Fpg-connection-string-2.5.0.tgz",
      "integrity": "sha1-U4yt0PfmA/wJoSWQ87ikUsLAzzQ="
    },
    "pg-int8": {
      "version": "1.0.1",
      "resolved": "https://eu.artifactory.swg-devops.com/artifactory/api/npm/sec-ops-trusteer-npm-virtual/pg-int8/-/pg-int8-1.0.1.tgz?dl=https%3A%2F%2Fregistry.npmjs.org%2Fpg-int8%2F-%2Fpg-int8-1.0.1.tgz",
      "integrity": "sha1-lDvUY79bcbQXARX4D478mgwOt4w="
    },
    "pg-pool": {
      "version": "3.4.1",
      "resolved": "https://eu.artifactory.swg-devops.com/artifactory/api/npm/sec-ops-trusteer-npm-virtual/pg-pool/-/pg-pool-3.4.1.tgz?dl=https%3A%2F%2Fregistry.npmjs.org%2Fpg-pool%2F-%2Fpg-pool-3.4.1.tgz",
      "integrity": "sha1-DnHOLGe0QqXoYqnBghcsN+2nHpw="
    },
    "pg-protocol": {
      "version": "1.5.0",
      "resolved": "https://eu.artifactory.swg-devops.com/artifactory/api/npm/sec-ops-trusteer-npm-virtual/pg-protocol/-/pg-protocol-1.5.0.tgz?dl=https%3A%2F%2Fregistry.npmjs.org%2Fpg-protocol%2F-%2Fpg-protocol-1.5.0.tgz",
      "integrity": "sha1-td1FIlcxRWXi1UqzwTKtxGVlpqA="
    },
    "pg-types": {
      "version": "2.2.0",
      "resolved": "https://eu.artifactory.swg-devops.com/artifactory/api/npm/sec-ops-trusteer-npm-virtual/pg-types/-/pg-types-2.2.0.tgz?dl=https%3A%2F%2Fregistry.npmjs.org%2Fpg-types%2F-%2Fpg-types-2.2.0.tgz",
      "integrity": "sha1-LQJQ1jZFT3z6O2rgOC/fqAYyVKM=",
      "requires": {
        "pg-int8": "1.0.1",
        "postgres-array": "~2.0.0",
        "postgres-bytea": "~1.0.0",
        "postgres-date": "~1.0.4",
        "postgres-interval": "^1.1.0"
      }
    },
    "pgpass": {
      "version": "1.0.5",
      "resolved": "https://eu.artifactory.swg-devops.com/artifactory/api/npm/sec-ops-trusteer-npm-virtual/pgpass/-/pgpass-1.0.5.tgz?dl=https%3A%2F%2Fregistry.npmjs.org%2Fpgpass%2F-%2Fpgpass-1.0.5.tgz",
      "integrity": "sha1-m4c+SlZLsQ+np9vVUxJyjUIqIj0=",
      "requires": {
        "split2": "^4.1.0"
      }
    },
    "postgres-array": {
      "version": "2.0.0",
      "resolved": "https://eu.artifactory.swg-devops.com/artifactory/api/npm/sec-ops-trusteer-npm-virtual/postgres-array/-/postgres-array-2.0.0.tgz?dl=https%3A%2F%2Fregistry.npmjs.org%2Fpostgres-array%2F-%2Fpostgres-array-2.0.0.tgz",
      "integrity": "sha1-SPj84FT7xpZxmZMpuINLdyZS2C4="
    },
    "postgres-bytea": {
      "version": "1.0.0",
      "resolved": "https://eu.artifactory.swg-devops.com/artifactory/api/npm/sec-ops-trusteer-npm-virtual/postgres-bytea/-/postgres-bytea-1.0.0.tgz?dl=https%3A%2F%2Fregistry.npmjs.org%2Fpostgres-bytea%2F-%2Fpostgres-bytea-1.0.0.tgz",
      "integrity": "sha1-AntTPAqokOJtFy1Hz5zOzFIazTU="
    },
    "postgres-date": {
      "version": "1.0.7",
      "resolved": "https://eu.artifactory.swg-devops.com/artifactory/api/npm/sec-ops-trusteer-npm-virtual/postgres-date/-/postgres-date-1.0.7.tgz?dl=https%3A%2F%2Fregistry.npmjs.org%2Fpostgres-date%2F-%2Fpostgres-date-1.0.7.tgz",
      "integrity": "sha1-UbwIYAYAXlBhxZHO5yfyUxv2Qag="
    },
    "postgres-interval": {
      "version": "1.2.0",
      "resolved": "https://eu.artifactory.swg-devops.com/artifactory/api/npm/sec-ops-trusteer-npm-virtual/postgres-interval/-/postgres-interval-1.2.0.tgz?dl=https%3A%2F%2Fregistry.npmjs.org%2Fpostgres-interval%2F-%2Fpostgres-interval-1.2.0.tgz",
      "integrity": "sha1-tGDILLFYdQd4iBmgaqD//bNURpU=",
      "requires": {
        "xtend": "^4.0.0"
      }
    },
    "split2": {
      "version": "4.1.0",
      "resolved": "https://eu.artifactory.swg-devops.com/artifactory/api/npm/sec-ops-trusteer-npm-virtual/split2/-/split2-4.1.0.tgz?dl=https%3A%2F%2Fregistry.npmjs.org%2Fsplit2%2F-%2Fsplit2-4.1.0.tgz",
      "integrity": "sha1-EBkHokNw+Fu3gvCK2qvk4oHs+Ak="
    },
    "xtend": {
      "version": "4.0.2",
      "resolved": "https://eu.artifactory.swg-devops.com/artifactory/api/npm/sec-ops-trusteer-npm-virtual/xtend/-/xtend-4.0.2.tgz?dl=https%3A%2F%2Fregistry.npmjs.org%2Fxtend%2F-%2Fxtend-4.0.2.tgz",
      "integrity": "sha1-u3J3n1+kZRhrH0OPZ0+jR/2121Q="
    }
  }
}
